
Microsoft Visual Studio Solution File, Format Version 12.00
# Visual Studio Version 17
VisualStudioVersion = 17.5.002.0
MinimumVisualStudioVersion = 10.0.40219.1
Project("{9A19103F-16F7-4668-BE54-9A1E7A4F7556}") = "PizzaStore", "PizzaStore.csproj", "{0358D4CA-F962-48D5-B300-C7B926641A92}"
EndProject
Global
	GlobalSection(SolutionConfigurationPlatforms) = preSolution
		Debug|Any CPU = Debug|Any CPU
		Release|Any CPU = Release|Any CPU
	EndGlobalSection
	GlobalSection(ProjectConfigurationPlatforms) = postSolution
		{0358D4CA-F962-48D5-B300-C7B926641A92}.Debug|Any CPU.ActiveCfg = Debug|Any CPU
		{0358D4CA-F962-48D5-B300-C7B926641A92}.Debug|Any CPU.Build.0 = Debug|Any CPU
		{0358D4CA-F962-48D5-B300-C7B926641A92}.Release|Any CPU.ActiveCfg = Release|Any CPU
		{0358D4CA-F962-48D5-B300-C7B926641A92}.Release|Any CPU.Build.0 = Release|Any CPU
	EndGlobalSection
	GlobalSection(SolutionProperties) = preSolution
		HideSolutionNode = FALSE
	EndGlobalSection
	GlobalSection(ExtensibilityGlobals) = postSolution
		SolutionGuid = {206EBE4D-9DB9-4B03-A310-F24A190FAFB2}
	EndGlobalSection
EndGlobal
